lockfileVersion: 5.4

specifiers:
  '@antfu/eslint-config': 0.29.4
  '@iconify-json/ion': 1.1.4
  '@mdx-js/rollup': 2.1.5
  '@svgr/core': 6.5.1
  '@tailwindcss/typography': 0.5.8
  '@types/mdx': 2.0.3
  '@types/node': 18.11.9
  '@types/react': 18.0.25
  '@types/react-dom': 18.0.8
  '@types/react-router-config': ^5.0.6
  '@types/tailwindcss': 3.1.0
  '@vitejs/plugin-react': 2.2.0
  autoprefixer: 10.4.13
  eslint: 8.28.0
  i18next: 22.0.6
  i18next-browser-languagedetector: 7.0.1
  postcss: 8.4.19
  react: 18.2.0
  react-dom: 18.2.0
  react-i18next: 12.0.0
  react-router: 6.4.3
  react-router-config: ^5.1.1
  react-router-dom: 6.4.3
  tailwindcss: 3.2.4
  typescript: 4.8.4
  unplugin-auto-import: 0.11.4
  unplugin-icons: 0.14.13
  vite: 3.2.4
  vite-plugin-pages: 0.27.1
  vite-plugin-pwa: 0.13.3
  vite-plugin-radar: ^0.6.0

dependencies:
  i18next: 22.0.6
  i18next-browser-languagedetector: 7.0.1
  react: 18.2.0
  react-dom: 18.2.0_react@18.2.0
  react-i18next: 12.0.0_nger6pvrp5hnzeykouhwqmsdti
  react-router: 6.4.3_react@18.2.0
  react-router-config: 5.1.1_n6chwcsdq6puvu4oljeyhosdga
  react-router-dom: 6.4.3_biqbaboplfbrettd7655fr4n2y

devDependencies:
  '@antfu/eslint-config': 0.29.4_zksrc6ykdxhogxjbhb5axiabwi
  '@iconify-json/ion': 1.1.4
  '@mdx-js/rollup': 2.1.5
  '@svgr/core': 6.5.1
  '@tailwindcss/typography': 0.5.8_tailwindcss@3.2.4
  '@types/mdx': 2.0.3
  '@types/node': 18.11.9
  '@types/react': 18.0.25
  '@types/react-dom': 18.0.8
  '@types/react-router-config': 5.0.6
  '@types/tailwindcss': 3.1.0_postcss@8.4.19
  '@vitejs/plugin-react': 2.2.0_vite@3.2.4
  autoprefixer: 10.4.13_postcss@8.4.19
  eslint: 8.28.0
  postcss: 8.4.19
  tailwindcss: 3.2.4_postcss@8.4.19
  typescript: 4.8.4
  unplugin-auto-import: 0.11.4
  unplugin-icons: 0.14.13_@svgr+core@6.5.1
  vite: 3.2.4_@types+node@18.11.9
  vite-plugin-pages: 0.27.1_vite@3.2.3
  vite-plugin-pwa: 0.13.3_vite@3.2.3
  vite-plugin-radar: 0.6.0_vite@3.2.3

packages:
  /@ampproject/remapping/2.0.2:
    resolution:
      {
        integrity: sha512-sE8Gx+qSDMLoJvb3QarJJlDQK7SSY4rK3hxp4XsiANeFOmjU46ZI7Y9adAQRJrmbz8zbtZkp3mJTT+rGxtF0XA==,
      }
    engines: { node: '>=6.0.0' }
    dependencies:
      '@jridgewell/trace-mapping': 0.2.6
      sourcemap-codec: 1.4.8
    dev: true

  /@ampproject/remapping/2.2.0:
    resolution:
      {
        integrity: sha512-qRmjj8nj9qmLTQXXmaR1cck3UXSRMPrbsLJAasZpF+t3riI71BXed5ebIOYwQntykeZuhjsdweEc9BxH5Jc26w==,
      }
    engines: { node: '>=6.0.0' }
    dependencies:
      '@jridgewell/gen-mapping': 0.1.1
      '@jridgewell/trace-mapping': 0.3.17
    dev: true

  /@antfu/eslint-config-basic/0.29.4_kol4riwbfes7cvbk3vtv3qjd6m:
    resolution:
      {
        integrity: sha512-5j8Ggd721DIv2Xf/vzCYE4P2T+l0MKEdDyy8kVx9NV0Nprty5tjC86gZNEq2/zg2LgMxTEOwbzAl9FseKzCIig==,
      }
    peerDependencies:
      eslint: '>=7.4.0'
    dependencies:
      eslint: 8.28.0
      eslint-plugin-antfu: 0.29.4_zksrc6ykdxhogxjbhb5axiabwi
      eslint-plugin-eslint-comments: 3.2.0_eslint@8.28.0
      eslint-plugin-html: 7.1.0
      eslint-plugin-import: 2.26.0_a7dttoi4ai57yudycjcunoobfu
      eslint-plugin-jsonc: 2.5.0_eslint@8.28.0
      eslint-plugin-markdown: 3.0.0_eslint@8.28.0
      eslint-plugin-n: 15.5.1_eslint@8.28.0
      eslint-plugin-no-only-tests: 3.1.0
      eslint-plugin-promise: 6.1.1_eslint@8.28.0
      eslint-plugin-unicorn: 43.0.2_eslint@8.28.0
      eslint-plugin-yml: 1.2.0_eslint@8.28.0
      jsonc-eslint-parser: 2.1.0
      yaml-eslint-parser: 1.1.0
    transitivePeerDependencies:
      - '@typescript-eslint/parser'
      - eslint-import-resolver-typescript
      - eslint-import-resolver-webpack
      - supports-color
      - typescript
    dev: true

  /@antfu/eslint-config-ts/0.29.4_zksrc6ykdxhogxjbhb5axiabwi:
    resolution:
      {
        integrity: sha512-dPiWjNodt19f04bs7fvasb0N8znzNijtKBy5qvUZgGM44738h79EYYoUftoKcyCV3Ypkuo0jeyG05PUPsj7YWw==,
      }
    peerDependencies:
      eslint: '>=7.4.0'
      typescript: '>=3.9'
    dependencies:
      '@antfu/eslint-config-basic': 0.29.4_kol4riwbfes7cvbk3vtv3qjd6m
      '@typescript-eslint/eslint-plugin': 5.42.1_kol4riwbfes7cvbk3vtv3qjd6m
      '@typescript-eslint/parser': 5.42.1_zksrc6ykdxhogxjbhb5axiabwi
      eslint: 8.28.0
      typescript: 4.8.4
    transitivePeerDependencies:
      - eslint-import-resolver-typescript
      - eslint-import-resolver-webpack
      - supports-color
    dev: true

  /@antfu/eslint-config-vue/0.29.4_zksrc6ykdxhogxjbhb5axiabwi:
    resolution:
      {
        integrity: sha512-WkhrsrHq4tCFfCllFqdKf9Eu0zDyM013I7ijjNJ5709XQOXiB5tSGhYY8y0qvkXIW7TVExGl03nGn3wmojkIPg==,
      }
    peerDependencies:
      eslint: '>=7.4.0'
    dependencies:
      '@antfu/eslint-config-ts': 0.29.4_zksrc6ykdxhogxjbhb5axiabwi
      eslint: 8.28.0
      eslint-plugin-vue: 9.7.0_eslint@8.28.0
    transitivePeerDependencies:
      - eslint-import-resolver-typescript
      - eslint-import-resolver-webpack
      - supports-color
      - typescript
    dev: true

  /@antfu/eslint-config/0.29.4_zksrc6ykdxhogxjbhb5axiabwi:
    resolution:
      {
        integrity: sha512-YH/97Cp7bJRMpXCuctZITF47wLvgXboy42hrij6I0Pf+Pp4Qi6pQJPJWKJz8xYXJCwaYK0JTKQAMtYsKyA9RpA==,
      }
    peerDependencies:
      eslint: '>=7.4.0'
    dependencies:
      '@antfu/eslint-config-vue': 0.29.4_zksrc6ykdxhogxjbhb5axiabwi
      '@typescript-eslint/eslint-plugin': 5.42.1_kol4riwbfes7cvbk3vtv3qjd6m
      '@typescript-eslint/parser': 5.42.1_zksrc6ykdxhogxjbhb5axiabwi
      eslint: 8.28.0
      eslint-plugin-eslint-comments: 3.2.0_eslint@8.28.0
      eslint-plugin-html: 7.1.0
      eslint-plugin-import: 2.26.0_a7dttoi4ai57yudycjcunoobfu
      eslint-plugin-jsonc: 2.5.0_eslint@8.28.0
      eslint-plugin-n: 15.5.1_eslint@8.28.0
      eslint-plugin-promise: 6.1.1_eslint@8.28.0
      eslint-plugin-unicorn: 43.0.2_eslint@8.28.0
      eslint-plugin-vue: 9.7.0_eslint@8.28.0
      eslint-plugin-yml: 1.2.0_eslint@8.28.0
      jsonc-eslint-parser: 2.1.0
      yaml-eslint-parser: 1.1.0
    transitivePeerDependencies:
      - eslint-import-resolver-typescript
      - eslint-import-resolver-webpack
      - supports-color
      - typescript
    dev: true

  /@antfu/install-pkg/0.1.1:
    resolution:
      {
        integrity: sha512-LyB/8+bSfa0DFGC06zpCEfs89/XoWZwws5ygEa5D+Xsm3OfI+aXQ86VgVG7Acyef+rSZ5HE7J8rrxzrQeM3PjQ==,
      }
    dependencies:
      execa: 5.1.1
      find-up: 5.0.0
    dev: true

  /@antfu/utils/0.5.2:
    resolution:
      {
        integrity: sha512-CQkeV+oJxUazwjlHD0/3ZD08QWKuGQkhnrKo3e6ly5pd48VUpXbb77q0xMU4+vc2CkJnDS02Eq/M9ugyX20XZA==,
      }
    dev: true

  /@antfu/utils/0.6.3:
    resolution:
      {
        integrity: sha512-sEYpyyKUPOew9QsXZ8feRVMzW6DWLviwOl+/ap06UQW02A8Srbc95CPHVm4eUbiBzBgD46eyIT+przv//KSSlQ==,
      }
    dev: true

  /@apideck/better-ajv-errors/0.3.2_ajv@8.10.0:
    resolution:
      {
        integrity: sha512-JdEazx7qiVqTBzzBl5rolRwl5cmhihjfIcpqRzIZjtT6b18liVmDn/VlWpqW4C/qP2hrFFMLRV1wlex8ZVBPTg==,
      }
    engines: { node: '>=10' }
    peerDependencies:
      ajv: '>=8'
    dependencies:
      ajv: 8.10.0
      json-schema: 0.4.0
      jsonpointer: 5.0.0
      leven: 3.1.0
    dev: true

  /@babel/code-frame/7.16.7:
    resolution:
      {
        integrity: sha512-iAXqUn8IIeBTNd72xsFlgaXHkMBMt6y4HJp1tIaK465CWLT/fG1aqB7ykr95gHHmlBdGbFeWWfyB4NJJ0nmeIg==,
      }
    engines: { node: '>=6.9.0' }
    dependencies:
      '@babel/highlight': 7.16.10
    dev: true

  /@babel/code-frame/7.18.6:
    resolution:
      {
        integrity: sha512-TDCmlK5eOvH+eH7cdAFlNXeVJqWIQ7gW9tY1GJIpUtFb6CmjVyq2VM3u71bOyR8CRihcCgMUYoDNyLXao3+70Q==,
      }
    engines: { node: '>=6.9.0' }
    dependencies:
      '@babel/highlight': 7.18.6
    dev: true

  /@babel/compat-data/7.17.0:
    resolution:
      {
        integrity: sha512-392byTlpGWXMv4FbyWw3sAZ/FrW/DrwqLGXpy0mbyNe9Taqv1mg9yON5/o0cnr8XYCkFTZbC1eV+c+LAROgrng==,
      }
    engines: { node: '>=6.9.0' }
    dev: true

  /@babel/compat-data/7.20.1:
    resolution:
      {
        integrity: sha512-EWZ4mE2diW3QALKvDMiXnbZpRvlj+nayZ112nK93SnhqOtpdsbVD4W+2tEoT3YNBAG9RBR0ISY758ZkOgsn6pQ==,
      }
    engines: { node: '>=6.9.0' }
    dev: true

  /@babel/core/7.17.0:
    resolution:
      {
        integrity: sha512-x/5Ea+RO5MvF9ize5DeVICJoVrNv0Mi2RnIABrZEKYvPEpldXwauPkgvYA17cKa6WpU3LoYvYbuEMFtSNFsarA==,
      }
    engines: { node: '>=6.9.0' }
    dependencies:
      '@ampproject/remapping': 2.0.2
      '@babel/code-frame': 7.16.7
      '@babel/generator': 7.17.0
      '@babel/helper-compilation-targets': 7.16.7_@ba
